
Microsoft Visual Studio Solution File, Format Version 10.00
# Visual Studio 2008
# SharpDevelop 3.2.1.6466
Project("{FAE04EC0-301F-11D3-BF4B-00C04F79EFBC}") = "Command2", "Command2\Command2.csproj", "{678E64F5-6C13-4234-91C4-FD788228952F}"
EndProject
Global
	GlobalSection(SolutionConfigurationPlatforms) = preSolution
		Debug|x86 = Debug|x86
		Release|x86 = Release|x86
	EndGlobalSection
	GlobalSection(ProjectConfigurationPlatforms) = postSolution
		{678E64F5-6C13-4234-91C4-FD788228952F}.Debug|x86.Build.0 = Debug|x86
		{678E64F5-6C13-4234-91C4-FD788228952F}.Debug|x86.ActiveCfg = Debug|x86
		{678E64F5-6C13-4234-91C4-FD788228952F}.Release|x86.Build.0 = Release|x86
		{678E64F5-6C13-4234-91C4-FD788228952F}.Release|x86.ActiveCfg = Release|x86
	EndGlobalSection
EndGlobal
